<Solution>
  <Project Path="YukiVA.Orchestrator.Api/YukiVA.Orchestrator.Api.csproj" />
  <Project Path="YukiVA.Orchestrator.Application/YukiVA.Orchestrator.Application.csproj" />
  <Project Path="YukiVA.Orchestrator.Domain/YukiVA.Orchestrator.Domain.csproj" />
  <Project Path="YukiVA.Orchestrator.Infrastructure/YukiVA.Orchestrator.Infrastructure.csproj" />
</Solution>
